// !$*UTF8*$!
{
	archiveVersion = 1;
	classes = {
	};
	objectVersion = 48;
	objects = {

/* Begin PBXBuildFile section */
		60210C611F81086D00DAE704 /* AppDelegate.swift in Sources */ = {isa = PBXBuildFile; fileRef = 60210C601F81086D00DAE704 /* AppDelegate.swift */; };
		60210C631F81086D00DAE704 /* MasterViewController.swift in Sources */ = {isa = PBXBuildFile; fileRef = 60210C621F81086D00DAE704 /* MasterViewController.swift */; };
		60210C651F81086D00DAE704 /* DetailViewController.swift in Sources */ = {isa = PBXBuildFile; fileRef = 60210C641F81086D00DAE704 /* DetailViewController.swift */; };
		60210C681F81086D00DAE704 /* Main.storyboard in Resources */ = {isa = PBXBuildFile; fileRef = 60210C661F81086D00DAE704 /* Main.storyboard */; };
		60210C6A1F81086D00DAE704 /* Assets.xcassets in Resources */ = {isa = PBXBuildFile; fileRef = 60210C691F81086D00DAE704 /* Assets.xcassets */; };
		60210C6D1F81086D00DAE704 /* LaunchScreen.storyboard in Resources */ = {isa = PBXBuildFile; fileRef = 60210C6B1F81086D00DAE704 /* LaunchScreen.storyboard */; };
		60210C781F81086D00DAE704 /* Caldav_ToDoTests.swift in Sources */ = {isa = PBXBuildFile; fileRef = 60210C771F81086D00DAE704 /* Caldav_ToDoTests.swift */; };
		60210C831F81086D00DAE704 /* Caldav_ToDoUITests.swift in Sources */ = {isa = PBXBuildFile; fileRef = 60210C821F81086D00DAE704 /* Caldav_ToDoUITests.swift */; };
/* End PBXBuildFile section */

/* Begin PBXContainerItemProxy section */
		60210C741F81086D00DAE704 /* PBXContainerItemProxy */ = {
			isa = PBXContainerItemProxy;
			containerPortal = 60210C551F81086D00DAE704 /* Project object */;
			proxyType = 1;
			remoteGlobalIDString = 60210C5C1F81086D00DAE704;
			remoteInfo = "Caldav ToDo";
		};
		60210C7F1F81086D00DAE704 /* PBXContainerItemProxy */ = {
			isa = PBXContainerItemProxy;
			containerPortal = 60210C551F81086D00DAE704 /* Project object */;
			proxyType = 1;
			remoteGlobalIDString = 60210C5C1F81086D00DAE704;
			remoteInfo = "Caldav ToDo";
		};
/* End PBXContainerItemProxy section */

/* Begin PBXFileReference section */
		60210C5D1F81086D00DAE704 /* Caldav ToDo.app */ = {isa = PBXFileReference; explicitFileType = wrapper.application; includeInIndex = 0; path = "Caldav ToDo.app"; sourceTree = BUILT_PRODUCTS_DIR; };
		60210C601F81086D00DAE704 /* AppDelegate.swift */ = {isa = PBXFileReference; lastKnownFileType = sourcecode.swift; path = AppDelegate.swift; sourceTree = "<group>"; };
		60210C621F81086D00DAE704 /* MasterViewController.swift */ = {isa = PBXFileReference; lastKnownFileType = sourcecode.swift; path = MasterViewController.swift; sourceTree = "<group>"; };
		60210C641F81086D00DAE704 /* DetailViewController.swift */ = {isa = PBXFileReference; lastKnownFileType = sourcecode.swift; path = DetailViewController.swift; sourceTree = "<group>"; };
		60210C671F81086D00DAE704 /* Base */ = {isa = PBXFileReference; lastKnownFileType = file.storyboard; name = Base; path = Base.lproj/Main.storyboard; sourceTree = "<group>"; };
		60210C691F81086D00DAE704 /* Assets.xcassets */ = {isa = PBXFileReference; lastKnownFileType = folder.assetcatalog; path = Assets.xcassets; sourceTree = "<group>"; };
		60210C6C1F81086D00DAE704 /* Base */ = {isa = PBXFileReference; lastKnownFileType = file.storyboard; name = Base; path = Base.lproj/LaunchScreen.storyboard; sourceTree = "<group>"; };
		60210C6E1F81086D00DAE704 /* Info.plist */ = {isa = PBXFileReference; lastKnownFileType = text.plist.xml; path = Info.plist; sourceTree = "<group>"; };
		60210C731F81086D00DAE704 /* Caldav ToDoTests.xctest */ = {isa = PBXFileReference; explicitFileType = wrapper.cfbundle; includeInIndex = 0; path = "Caldav ToDoTests.xctest"; sourceTree = BUILT_PRODUCTS_DIR; };
		60210C771F81086D00DAE704 /* Caldav_ToDoTests.swift */ = {isa = PBXFileReference; lastKnownFileType = sourcecode.swift; path = Caldav_ToDoTests.swift; sourceTree = "<group>"; };
		60210C791F81086D00DAE704 /* Info.plist */ = {isa = PBXFileReference; lastKnownFileType = text.plist.xml; path = Info.plist; sourceTree = "<group>"; };
		60210C7E1F81086D00DAE704 /* Caldav ToDoUITests.xctest */ = {isa = PBXFileReference; explicitFileType = wrapper.cfbundle; includeInIndex = 0; path = "Caldav ToDoUITests.xctest"; sourceTree = BUILT_PRODUCTS_DIR; };
		60210C821F81086D00DAE704 /* Caldav_ToDoUITests.swift */ = {isa = PBXFileReference; lastKnownFileType = sourcecode.swift; path = Caldav_ToDoUITests.swift; sourceTree = "<group>"; };
		60210C841F81086D00DAE704 /* Info.plist */ = {isa = PBXFileReference; lastKnownFileType = text.plist.xml; path = Info.plist; sourceTree = "<group>"; };
/* End PBXFileReference section */

/* Begin PBXFrameworksBuildPhase section */
		60210C5A1F81086D00DAE704 /* Frameworks */ = {
			isa = PBXFrameworksBuildPhase;
			buildActionMask = 2147483647;
			files = (
			);
			runOnlyForDeploymentPostprocessing = 0;
		};
		60210C701F81086D00DAE704 /* Frameworks */ = {
			isa = PBXFrameworksBuildPhase;
			buildActionMask = 2147483647;
			files = (
			);
			runOnlyForDeploymentPostprocessing = 0;
		};
		60210C7B1F81086D00DAE704 /* Frameworks */ = {
			isa = PBXFrameworksBuildPhase;
			buildActionMask = 2147483647;
			files = (
			);
			runOnlyForDeploymentPostprocessing = 0;
		};
/* End PBXFrameworksBuildPhase section */

/* Begin PBXGroup section */
		60210C541F81086D00DAE704 = {
			isa = PBXGroup;
			children = (
				60210C5F1F81086D00DAE704 /* Caldav ToDo */,
				60210C761F81086D00DAE704 /* Caldav ToDoTests */,
				60210C811F81086D00DAE704 /* Caldav ToDoUITests */,
				60210C5E1F81086D00DAE704 /* Products */,
			);
			sourceTree = "<group>";
		};
		60210C5E1F81086D00DAE704 /* Products */ = {
			isa = PBXGroup;
			children = (
				60210C5D1F81086D00DAE704 /* Caldav ToDo.app */,
				60210C731F81086D00DAE704 /* Caldav ToDoTests.xctest */,
				60210C7E1F81086D00DAE704 /* Caldav ToDoUITests.xctest */,
			);
			name = Products;
			sourceTree = "<group>";
		};
		60210C5F1F81086D00DAE704 /* Caldav ToDo */ = {
			isa = PBXGroup;
			children = (
				60210C601F81086D00DAE704 /* AppDelegate.swift */,
				60210C621F81086D00DAE704 /* MasterViewController.swift */,
				60210C641F81086D00DAE704 /* DetailViewController.swift */,
				60210C661F81086D00DAE704 /* Main.storyboard */,
				60210C691F81086D00DAE704 /* Assets.xcassets */,
				60210C6B1F81086D00DAE704 /* LaunchScreen.storyboard */,
				60210C6E1F81086D00DAE704 /* Info.plist */,
			);
			path = "Caldav ToDo";
			sourceTree = "<group>";
		};
		60210C761F81086D00DAE704 /* Caldav ToDoTests */ = {
			isa = PBXGroup;
			children = (
				60210C771F81086D00DAE704 /* Caldav_ToDoTests.swift */,
				60210C791F81086D00DAE704 /* Info.plist */,
			);
			path = "Caldav ToDoTests";
			sourceTree = "<group>";
		};
		60210C811F81086D00DAE704 /* Caldav ToDoUITests */ = {
			isa = PBXGroup;
			children = (
				60210C821F81086D00DAE704 /* Caldav_ToDoUITests.swift */,
				60210C841F81086D00DAE704 /* Info.plist */,
			);
			path = "Caldav ToDoUITests";
			sourceTree = "<group>";
		};
/* End PBXGroup section */

/* Begin PBXNativeTarget section */
		60210C5C1F81086D00DAE704 /* Caldav ToDo */ = {
			isa = PBXNativeTarget;
			buildConfigurationList = 60210C871F81086D00DAE704 /* Build configuration list for PBXNativeTarget "Caldav ToDo" */;
			buildPhases = (
				60210C591F81086D00DAE704 /* Sources */,
				60210C5A1F81086D00DAE704 /* Frameworks */,
				60210C5B1F81086D00DAE704 /* Resources */,
			);
			buildRules = (
			);
			dependencies = (
			);
			name = "Caldav ToDo";
			productName = "Caldav ToDo";
			productReference = 60210C5D1F81086D00DAE704 /* Caldav ToDo.app */;
			productType = "com.apple.product-type.application";
		};
		60210C721F81086D00DAE704 /* Caldav ToDoTests */ = {
			isa = PBXNativeTarget;
			buildConfigurationList = 60210C8A1F81086D00DAE704 /* Build configuration list for PBXNativeTarget "Caldav ToDoTests" */;
			buildPhases = (
				60210C6F1F81086D00DAE704 /* Sources */,
				60210C701F81086D00DAE704 /* Frameworks */,
				60210C711F81086D00DAE704 /* Resources */,
			);
			buildRules = (
			);
			dependencies = (
				60210C751F81086D00DAE704 /* PBXTargetDependency */,
			);
			name = "Caldav ToDoTests";
			productName = "Caldav ToDoTests";
			productReference = 60210C731F81086D00DAE704 /* Caldav ToDoTests.xctest */;
			productType = "com.apple.product-type.bundle.unit-test";
		};
		60210C7D1F81086D00DAE704 /* Caldav ToDoUITests */ = {
			isa = PBXNativeTarget;
			buildConfigurationList = 60210C8D1F81086D00DAE704 /* Build configuration list for PBXNativeTarget "Caldav ToDoUITests" */;
			buildPhases = (
				60210C7A1F81086D00DAE704 /* Sources */,
				60210C7B1F81086D00DAE704 /* Frameworks */,
				60210C7C1F81086D00DAE704 /* Resources */,
			);
			buildRules = (
			);
			dependencies = (
				60210C801F81086D00DAE704 /* PBXTargetDependency */,
			);
			name = "Caldav ToDoUITests";
			productName = "Caldav ToDoUITests";
			productReference = 60210C7E1F81086D00DAE704 /* Caldav ToDoUITests.xctest */;
			productType = "com.apple.product-type.bundle.ui-testing";
		};
/* End PBXNativeTarget section */

/* Begin PBXProject section */
		60210C551F81086D00DAE704 /* Project object */ = {
			isa = PBXProject;
			attributes = {
				LastSwiftUpdateCheck = 0900;
				LastUpgradeCheck = 0900;
				ORGANIZATIONNAME = PlytaX;
				TargetAttributes = {
					60210C5C1F81086D00DAE704 = {
						CreatedOnToolsVersion = 9.0;
						ProvisioningStyle = Automatic;
					};
					60210C721F81086D00DAE704 = {
						CreatedOnToolsVersion = 9.0;
						ProvisioningStyle = Automatic;
						TestTargetID = 60210C5C1F81086D00DAE704;
					};
					60210C7D1F81086D00DAE704 = {
						CreatedOnToolsVersion = 9.0;
						ProvisioningStyle = Automatic;
						TestTargetID = 60210C5C1F81086D00DAE704;
					};
				};
			};
			buildConfigurationList = 60210C581F81086D00DAE704 /* Build configuration list for PBXProject "Caldav ToDo" */;
			compatibilityVersion = "Xcode 8.0";
			developmentRegion = en;
			hasScannedForEncodings = 0;
			knownRegions = (
				en,
				Base,
			);
			mainGroup = 60210C541F81086D00DAE704;
			productRefGroup = 60210C5E1F81086D00DAE704 /* Products */;
			projectDirPath = "";
			projectRoot = "";
			targets = (
				60210C5C1F81086D00DAE704 /* Caldav ToDo */,
				60210C721F81086D00DAE704 /* Caldav ToDoTests */,
				60210C7D1F81086D00DAE704 /* Caldav ToDoUITests */,
			);
		};
/* End PBXProject section */

/* Begin PBXResourcesBuildPhase section */
		60210C5B1F81086D00DAE704 /* Resources */ = {
			isa = PBXResourcesBuildPhase;
			buildActionMask = 2147483647;
			files = (
				60210C6D1F81086D00DAE704 /* LaunchScreen.storyboard in Resources */,
				60210C6A1F81086D00DAE704 /* Assets.xcassets in Resources */,
				60210C681F81086D00DAE704 /* Main.storyboard in Resources */,
			);
			runOnlyForDeploymentPostprocessing = 0;
		};
		60210C711F81086D00DAE704 /* Resources */ = {
			isa = PBXResourcesBuildPhase;
			buildActionMask = 2147483647;
			files = (
			);
			runOnlyForDeploymentPostprocessing = 0;
		};
		60210C7C1F81086D00DAE704 /* Resources */ = {
			isa = PBXResourcesBuildPhase;
			buildActionMask = 2147483647;
			files = (
			);
			runOnlyForDeploymentPostprocessing = 0;
		};
/* End PBXResourcesBuildPhase section */

/* Begin PBXSourcesBuildPhase section */
		60210C591F81086D00DAE704 /* Sources */ = {
			isa = PBXSourcesBuildPhase;
			buildActionMask = 2147483647;
			files = (
				60210C651F81086D00DAE704 /* DetailViewController.swift in Sources */,
				60210C631F81086D00DAE704 /* MasterViewController.swift in Sources */,
				60210C611F81086D00DAE704 /* AppDelegate.swift in Sources */,
			);
			runOnlyForDeploymentPostprocessing = 0;
		};
		60210C6F1F81086D00DAE704 /* Sources */ = {
			isa = PBXSourcesBuildPhase;
			buildActionMask = 2147483647;
			files = (
				60210C781F81086D00DAE704 /* Caldav_ToDoTests.swift in Sources */,
			);
			runOnlyForDeploymentPostprocessing = 0;
		};
		60210C7A1F81086D00DAE704 /* Sources */ = {
			isa = PBXSourcesBuildPhase;
			buildActionMask = 2147483647;
			files = (
				60210C831F81086D00DAE704 /* Caldav_ToDoUITests.swift in Sources */,
			);
			runOnlyForDeploymentPostprocessing = 0;
		};
/* End PBXSourcesBuildPhase section */

/* Begin PBXTargetDependency section */
		60210C751F81086D00DAE704 /* PBXTargetDependency */ = {
			isa = PBXTargetDependency;
			target = 60210C5C1F81086D00DAE704 /* Caldav ToDo */;
			targetProxy = 60210C741F81086D00DAE704 /* PBXContainerItemProxy */;
		};
		60210C801F81086D00DAE704 /* PBXTargetDependency */ = {
			isa = PBXTargetDependency;
			target = 60210C5C1F81086D00DAE704 /* Caldav ToDo */;
			targetProxy = 60210C7F1F81086D00DAE704 /* PBXContainerItemProxy */;
		};
/* End PBXTargetDependency section */

/* Begin PBXVariantGroup section */
		60210C661F81086D00DAE704 /* Main.storyboard */ = {
			isa = PBXVariantGroup;
			children = (
				60210C671F81086D00DAE704 /* Base */,
			);
			name = Main.storyboard;
			sourceTree = "<group>";
		};
		60210C6B1F81086D00DAE704 /* LaunchScreen.storyboard */ = {
			isa = PBXVariantGroup;
			children = (
				60210C6C1F81086D00DAE704 /* Base */,
			);
			name = LaunchScreen.storyboard;
			sourceTree = "<group>";
		};
/* End PBXVariantGroup section */

/* Begin XCBuildConfiguration section */
		60210C851F81086D00DAE704 /* Debug */ = {
			isa = XCBuildConfiguration;
			buildSettings = {
				ALWAYS_SEARCH_USER_PATHS = NO;
				CLANG_ANALYZER_NONNULL = YES;
				CLANG_ANALYZER_NUMBER_OBJECT_CONVERSION = YES_AGGRESSIVE;
				CLANG_CXX_LANGUAGE_STANDARD = "gnu++14";
				CLANG_CXX_LIBRARY = "libc++";
				CLANG_ENABLE_MODULES = YES;
				CLANG_ENABLE_OBJC_ARC = YES;
				CLANG_WARN_BLOCK_CAPTURE_AUTORELEASING = YES;
				CLANG_WARN_BOOL_CONVERSION = YES;
				CLANG_WARN_COMMA = YES;
				CLANG_WARN_CONSTANT_CONVERSION = YES;
				CLANG_WARN_DIRECT_OBJC_ISA_USAGE = YES_ERROR;
				CLANG_WARN_DOCUMENTATION_COMMENTS = YES;
				CLANG_WARN_EMPTY_BODY = YES;
				CLANG_WARN_ENUM_CONVERSION = YES;
				CLANG_WARN_INFINITE_RECURSION = YES;
				CLANG_WARN_INT_CONVERSION = YES;
				CLANG_WARN_NON_LITERAL_NULL_CONVERSION = YES;
				CLANG_WARN_OBJC_LITERAL_CONVERSION = YES;
				CLANG_WARN_OBJC_ROOT_CLASS = YES_ERROR;
				CLANG_WARN_RANGE_LOOP_ANALYSIS = YES;
				CLANG_WARN_STRICT_PROTOTYPES = YES;
				CLANG_WARN_SUSPICIOUS_MOVE = YES;
				CLANG_WARN_UNGUARDED_AVAILABILITY = YES_AGGRESSIVE;
				CLANG_WARN_UNREACHABLE_CODE = YES;
				CLANG_WARN__DUPLICATE_METHOD_MATCH = YES;
				CODE_SIGN_IDENTITY = "iPhone Developer";
				COPY_PHASE_STRIP = NO;
				DEBUG_INFORMATION_FORMAT = dwarf;
				ENABLE_STRICT_OBJC_MSGSEND = YES;
				ENABLE_TESTABILITY = YES;
				GCC_C_LANGUAGE_STANDARD = gnu11;
				GCC_DYNAMIC_NO_PIC = NO;
				GCC_NO_COMMON_BLOCKS = YES;
				GCC_OPTIMIZATION_LEVEL = 0;
				GCC_PREPROCESSOR_DEFINITIONS = (
					"DEBUG=1",
					"$(inherited)",
				);
				GCC_WARN_64_TO_32_BIT_CONVERSION = YES;
				GCC_WARN_ABOUT_RETURN_TYPE = YES_ERROR;
				GCC_WARN_UNDECLARED_SELECTOR = YES;
				GCC_WARN_UNINITIALIZED_AUTOS = YES_AGGRESSIVE;
				GCC_WARN_UNUSED_FUNCTION = YES;
				GCC_WARN_UNUSED_VARIABLE = YES;
				IPHONEOS_DEPLOYMENT_TARGET = 11.0;
				MTL_ENABLE_DEBUG_INFO = YES;
				ONLY_ACTIVE_ARCH = YES;
				SDKROOT = iphoneos;
				SWIFT_ACTIVE_COMPILATION_CONDITIONS = DEBUG;
				SWIFT_OPTIMIZATION_LEVEL = "-Onone";
			};
			name = Debug;
		};
		60210C861F81086D00DAE704 /* Release */ = {
			isa = XCBuildConfiguration;
			buildSettings = {
				ALWAYS_SEARCH_USER_PATHS = NO;
				CLANG_ANALYZER_NONNULL = YES;
				CLANG_ANALYZER_NUMBER_OBJECT_CONVERSION = YES_AGGRESSIVE;
				CLANG_CXX_LANGUAGE_STANDARD = "gnu++14";
				CLANG_CXX_LIBRARY = "libc++";
				CLANG_ENABLE_MODULES = YES;
				CLANG_ENABLE_OBJC_ARC = YES;
				CLANG_WARN_BLOCK_CAPTURE_AUTORELEASING = YES;
				CLANG_WARN_BOOL_CONVERSION = YES;
				CLANG_WARN_COMMA = YES;
				CLANG_WARN_CONSTANT_CONVERSION = YES;
				CLANG_WARN_DIRECT_OBJC_ISA_USAGE = YES_ERROR;
				CLANG_WARN_DOCUMENTATION_COMMENTS = YES;
				CLANG_WARN_EMPTY_BODY = YES;
				CLANG_WARN_ENUM_CONVERSION = YES;
				CLANG_WARN_INFINITE_RECURSION = YES;
				CLANG_WARN_INT_CONVERSION = YES;
				CLANG_WARN_NON_LITERAL_NULL_CONVERSION = YES;
				CLANG_WARN_OBJC_LITERAL_CONVERSION = YES;
				CLANG_WARN_OBJC_ROOT_CLASS = YES_ERROR;
				CLANG_WARN_RANGE_LOOP_ANALYSIS = YES;
				CLANG_WARN_STRICT_PROTOTYPES = YES;
				CLANG_WARN_SUSPICIOUS_MOVE = YES;
				CLANG_WARN_UNGUARDED_AVAILABILITY = YES_AGGRESSIVE;
				CLANG_WARN_UNREACHABLE_CODE = YES;
				CLANG_WARN__DUPLICATE_METHOD_MATCH = YES;
				CODE_SIGN_IDENTITY = "iPhone Developer";
				COPY_PHASE_STRIP = NO;
				DEBUG_INFORMATION_FORMAT = "dwarf-with-dsym";
				ENABLE_NS_ASSERTIONS = NO;
				ENABLE_STRICT_OBJC_MSGSEND = YES;
				GCC_C_LANGUAGE_STANDARD = gnu11;
				GCC_NO_COMMON_BLOCKS = YES;
				GCC_WARN_64_TO_32_BIT_CONVERSION = YES;
				GCC_WARN_ABOUT_RETURN_TYPE = YES_ERROR;
				GCC_WARN_UNDECLARED_SELECTOR = YES;
				GCC_WARN_UNINITIALIZED_AUTOS = YES_AGGRESSIVE;
				GCC_WARN_UNUSED_FUNCTION = YES;
				GCC_WARN_UNUSED_VARIABLE = YES;
				IPHONEOS_DEPLOYMENT_TARGET = 11.0;
				MTL_ENABLE_DEBUG_INFO = NO;
				SDKROOT = iphoneos;
				SWIFT_OPTIMIZATION_LEVEL = "-Owholemodule";
				VALIDATE_PRODUCT = YES;
			};
			name = Release;
		};
		60210C881F81086D00DAE704 /* Debug */ = {
			isa = XCBuildConfiguration;
			buildSettings = {
				ASSETCATALOG_COMPILER_APPICON_NAME = AppIcon;
				CODE_SIGN_STYLE = Automatic;
				INFOPLIST_FILE = "Caldav ToDo/Info.plist";
				LD_RUNPATH_SEARCH_PATHS = "$(inherited) @executable_path/Frameworks";
				PRODUCT_BUNDLE_IDENTIFIER = "PlytaX.Caldav-ToDo";
				PRODUCT_NAME = "$(TARGET_NAME)";
				SWIFT_VERSION = 4.0;
				TARGETED_DEVICE_FAMILY = "1,2";
			};
			name = Debug;
		};
		60210C891F81086D00DAE704 /* Release */ = {
			isa = XCBuildConfiguration;
			buildSettings = {
				ASSETCATALOG_COMPILER_APPICON_NAME = AppIcon;
				CODE_SIGN_STYLE = Automatic;
				INFOPLIST_FILE = "Caldav ToDo/Info.plist";
				LD_RUNPATH_SEARCH_PATHS = "$(inherited) @executable_path/Frameworks";
				PRODUCT_BUNDLE_IDENTIFIER = "PlytaX.Caldav-ToDo";
				PRODUCT_NAME = "$(TARGET_NAME)";
				SWIFT_VERSION = 4.0;
				TARGETED_DEVICE_FAMILY = "1,2";
			};
			name = Release;
		};
		60210C8B1F81086D00DAE704 /* Debug */ = {
			isa = XCBuildConfiguration;
			buildSettings = {
				ALWAYS_EMBED_SWIFT_STANDARD_LIBRARIES = YES;
				BUNDLE_LOADER = "$(TEST_HOST)";
				CODE_SIGN_STYLE = Automatic;
				INFOPLIST_FILE = "Caldav ToDoTests/Info.plist";
				LD_RUNPATH_SEARCH_PATHS = "$(inherited) @executable_path/Frameworks @loader_path/Frameworks";
				PRODUCT_BUNDLE_IDENTIFIER = "PlytaX.Caldav-ToDoTests";
				PRODUCT_NAME = "$(TARGET_NAME)";
				SWIFT_VERSION = 4.0;
				TARGETED_DEVICE_FAMILY = "1,2";
				TEST_HOST = "$(BUILT_PRODUCTS_DIR)/Caldav ToDo.app/Caldav ToDo";
			};
			name = Debug;
		};
		60210C8C1F81086D00DAE704 /* Release */ = {
			isa = XCBuildConfiguration;
			buildSettings = {
				ALWAYS_EMBED_SWIFT_STANDARD_LIBRARIES = YES;
				BUNDLE_LOADER = "$(TEST_HOST)";
				CODE_SIGN_STYLE = Automatic;
				INFOPLIST_FILE = "Caldav ToDoTests/Info.plist";
				LD_RUNPATH_SEARCH_PATHS = "$(inherited) @executable_path/Frameworks @loader_path/Frameworks";
				PRODUCT_BUNDLE_IDENTIFIER = "PlytaX.Caldav-ToDoTests";
				PRODUCT_NAME = "$(TARGET_NAME)";
				SWIFT_VERSION = 4.0;
				TARGETED_DEVICE_FAMILY = "1,2";
				TEST_HOST = "$(BUILT_PRODUCTS_DIR)/Caldav ToDo.app/Caldav ToDo";
			};
			name = Release;
		};
		60210C8E1F81086D00DAE704 /* Debug */ = {
			isa = XCBuildConfiguration;
			buildSettings = {
				ALWAYS_EMBED_SWIFT_STANDARD_LIBRARIES = YES;
				CODE_SIGN_STYLE = Automatic;
				INFOPLIST_FILE = "Caldav ToDoUITests/Info.plist";
				LD_RUNPATH_SEARCH_PATHS = "$(inherited) @executable_path/Frameworks @loader_path/Frameworks";
				PRODUCT_BUNDLE_IDENTIFIER = "PlytaX.Caldav-ToDoUITests";
				PRODUCT_NAME = "$(TARGET_NAME)";
				SWIFT_VERSION = 4.0;
				TARGETED_DEVICE_FAMILY = "1,2";
				TEST_TARGET_NAME = "Caldav ToDo";
			};
			name = Debug;
		};
		60210C8F1F81086D00DAE704 /* Release */ = {
			isa = XCBuildConfiguration;
			buildSettings = {
				ALWAYS_EMBED_SWIFT_STANDARD_LIBRARIES = YES;
				CODE_SIGN_STYLE = Automatic;
				INFOPLIST_FILE = "Caldav ToDoUITests/Info.plist";
				LD_RUNPATH_SEARCH_PATHS = "$(inherited) @executable_path/Frameworks @loader_path/Frameworks";
				PRODUCT_BUNDLE_IDENTIFIER = "PlytaX.Caldav-ToDoUITests";
				PRODUCT_NAME = "$(TARGET_NAME)";
				SWIFT_VERSION = 4.0;
				TARGETED_DEVICE_FAMILY = "1,2";
				TEST_TARGET_NAME = "Caldav ToDo";
			};
			name = Release;
		};
/* End XCBuildConfiguration section */

/* Begin XCConfigurationList section */
		60210C581F81086D00DAE704 /* Build configuration list for PBXProject "Caldav ToDo" */ = {
			isa = XCConfigurationList;
			buildConfigurations = (
				60210C851F81086D00DAE704 /* Debug */,
				60210C861F81086D00DAE704 /* Release */,
			);
			defaultConfigurationIsVisible = 0;
			defaultConfigurationName = Release;
		};
		60210C871F81086D00DAE704 /* Build configuration list for PBXNativeTarget "Caldav ToDo" */ = {
			isa = XCConfigurationList;
			buildConfigurations = (
				60210C881F81086D00DAE704 /* Debug */,
				60210C891F81086D00DAE704 /* Release */,
			);
			defaultConfigurationIsVisible = 0;
			defaultConfigurationName = Release;
		};
		60210C8A1F81086D00DAE704 /* Build configuration list for PBXNativeTarget "Caldav ToDoTests" */ = {
			isa = XCConfigurationList;
			buildConfigurations = (
				60210C8B1F81086D00DAE704 /* Debug */,
				60210C8C1F81086D00DAE704 /* Release */,
			);
			defaultConfigurationIsVisible = 0;
			defaultConfigurationName = Release;
		};
		60210C8D1F81086D00DAE704 /* Build configuration list for PBXNativeTarget "Caldav ToDoUITests" */ = {
			isa = XCConfigurationList;
			buildConfigurations = (
				60210C8E1F81086D00DAE704 /* Debug */,
				60210C8F1F81086D00DAE704 /* Release */,
			);
			defaultConfigurationIsVisible = 0;
			defaultConfigurationName = Release;
		};
/* End XCConfigurationList section */
	};
	rootObject = 60210C551F81086D00DAE704 /* Project object */;
}
